
Microsoft Visual Studio Solution File, Format Version 12.00
# Visual Studio Version 16
VisualStudioVersion = 16.0.32126.315
MinimumVisualStudioVersion = 10.0.40219.1
Project("{FAE04EC0-301F-11D3-BF4B-00C04F79EFBC}") = "Server", "Server\Server.csproj", "{4F6B40AE-0CEF-4F0A-9848-2E1C9A9DF168}"
EndProject
Project("{FAE04EC0-301F-11D3-BF4B-00C04F79EFBC}") = "Client", "Client\Client.csproj", "{0068FF94-7410-481E-B802-C29B08D1C080}"
EndProject
Global
	GlobalSection(SolutionConfigurationPlatforms) = preSolution
		Debug|Any CPU = Debug|Any CPU
		Release|Any CPU = Release|Any CPU
	EndGlobalSection
	GlobalSection(ProjectConfigurationPlatforms) = postSolution
		{4F6B40AE-0CEF-4F0A-9848-2E1C9A9DF168}.Debug|Any CPU.ActiveCfg = Debug|Any CPU
		{4F6B40AE-0CEF-4F0A-9848-2E1C9A9DF168}.Debug|Any CPU.Build.0 = Debug|Any CPU
		{4F6B40AE-0CEF-4F0A-9848-2E1C9A9DF168}.Release|Any CPU.ActiveCfg = Release|Any CPU
		{4F6B40AE-0CEF-4F0A-9848-2E1C9A9DF168}.Release|Any CPU.Build.0 = Release|Any CPU
		{0068FF94-7410-481E-B802-C29B08D1C080}.Debug|Any CPU.ActiveCfg = Debug|Any CPU
		{0068FF94-7410-481E-B802-C29B08D1C080}.Debug|Any CPU.Build.0 = Debug|Any CPU
		{0068FF94-7410-481E-B802-C29B08D1C080}.Release|Any CPU.ActiveCfg = Release|Any CPU
		{0068FF94-7410-481E-B802-C29B08D1C080}.Release|Any CPU.Build.0 = Release|Any CPU
	EndGlobalSection
	GlobalSection(SolutionProperties) = preSolution
		HideSolutionNode = FALSE
	EndGlobalSection
	GlobalSection(ExtensibilityGlobals) = postSolution
		SolutionGuid = {E9E5E081-3CA0-41C1-A68D-246490AF3EF1}
	EndGlobalSection
EndGlobal
